// !$*UTF8*$!
{
	archiveVersion = 1;
	classes = {
	};
	objectVersion = 77;
	objects = {

/* Begin PBXBuildFile section */
		4D4E72E72DA4BF8B00FC2AE2 /* MapPage.swift in Sources */ = {isa = PBXBuildFile; fileRef = 4D4E72E62DA4BF8B00FC2AE2 /* MapPage.swift */; };
/* End PBXBuildFile section */

/* Begin PBXContainerItemProxy section */
		4D4E72C62DA4B83800FC2AE2 /* PBXContainerItemProxy */ = {
			isa = PBXContainerItemProxy;
			containerPortal = 4D4E72AD2DA4B83600FC2AE2 /* Project object */;
			proxyType = 1;
			remoteGlobalIDString = 4D4E72B42DA4B83600FC2AE2;
			remoteInfo = LocationDemo;
		};
		4D4E72D02DA4B83800FC2AE2 /* PBXContainerItemProxy */ = {
			isa = PBXContainerItemProxy;
			containerPortal = 4D4E72AD2DA4B83600FC2AE2 /* Project object */;
			proxyType = 1;
			remoteGlobalIDString = 4D4E72B42DA4B83600FC2AE2;
			remoteInfo = LocationDemo;
		};
/* End PBXContainerItemProxy section */

/* Begin PBXFileReference section */
		4D4E72B52DA4B83600FC2AE2 /* LocationDemo.app */ = {isa = PBXFileReference; explicitFileType = wrapper.application; includeInIndex = 0; path = LocationDemo.app; sourceTree = BUILT_PRODUCTS_DIR; };
		4D4E72C52DA4B83800FC2AE2 /* LocationDemoTests.xctest */ = {isa = PBXFileReference; explicitFileType = wrapper.cfbundle; includeInIndex = 0; path = LocationDemoTests.xctest; sourceTree = BUILT_PRODUCTS_DIR; };
		4D4E72CF2DA4B83800FC2AE2 /* LocationDemoUITests.xctest */ = {isa = PBXFileReference; explicitFileType = wrapper.cfbundle; includeInIndex = 0; path = LocationDemoUITests.xctest; sourceTree = BUILT_PRODUCTS_DIR; };
		4D4E72E62DA4BF8B00FC2AE2 /* MapPage.swift */ = {isa = PBXFileReference; lastKnownFileType = sourcecode.swift; path = MapPage.swift; sourceTree = "<group>"; };
/* End PBXFileReference section */

/* Begin PBXFileSystemSynchronizedRootGroup section */
		4D4E72B72DA4B83600FC2AE2 /* LocationDemo */ = {
			isa = PBXFileSystemSynchronizedRootGroup;
			path = LocationDemo;
			sourceTree = "<group>";
		};
		4D4E72C82DA4B83800FC2AE2 /* LocationDemoTests */ = {
			isa = PBXFileSystemSynchronizedRootGroup;
			path = LocationDemoTests;
			sourceTree = "<group>";
		};
		4D4E72D22DA4B83800FC2AE2 /* LocationDemoUITests */ = {
			isa = PBXFileSystemSynchronizedRootGroup;
			path = LocationDemoUITests;
			sourceTree = "<group>";
		};
/* End PBXFileSystemSynchronizedRootGroup section */

/* Begin PBXFrameworksBuildPhase section */
		4D4E72B22DA4B83600FC2AE2 /* Frameworks */ = {
			isa = PBXFrameworksBuildPhase;
			buildActionMask = 2147483647;
			files = (
			);
			runOnlyForDeploymentPostprocessing = 0;
		};
		4D4E72C22DA4B83800FC2AE2 /* Frameworks */ = {
			isa = PBXFrameworksBuildPhase;
			buildActionMask = 2147483647;
			files = (
			);
			runOnlyForDeploymentPostprocessing = 0;
		};
		4D4E72CC2DA4B83800FC2AE2 /* Frameworks */ = {
			isa = PBXFrameworksBuildPhase;
			buildActionMask = 2147483647;
			files = (
			);
			runOnlyForDeploymentPostprocessing = 0;
		};
/* End PBXFrameworksBuildPhase section */

/* Begin PBXGroup section */
		4D4E72AC2DA4B83600FC2AE2 = {
			isa = PBXGroup;
			children = (
				4D4E72E62DA4BF8B00FC2AE2 /* MapPage.swift */,
				4D4E72B72DA4B83600FC2AE2 /* LocationDemo */,
				4D4E72C82DA4B83800FC2AE2 /* LocationDemoTests */,
				4D4E72D22DA4B83800FC2AE2 /* LocationDemoUITests */,
				4D4E72B62DA4B83600FC2AE2 /* Products */,
			);
			sourceTree = "<group>";
		};
		4D4E72B62DA4B83600FC2AE2 /* Products */ = {
			isa = PBXGroup;
			children = (
				4D4E72B52DA4B83600FC2AE2 /* LocationDemo.app */,
				4D4E72C52DA4B83800FC2AE2 /* LocationDemoTests.xctest */,
				4D4E72CF2DA4B83800FC2AE2 /* LocationDemoUITests.xctest */,
			);
			name = Products;
			sourceTree = "<group>";
		};
/* End PBXGroup section */

/* Begin PBXNativeTarget section */
		4D4E72B42DA4B83600FC2AE2 /* LocationDemo */ = {
			isa = PBXNativeTarget;
			buildConfigurationList = 4D4E72D92DA4B83800FC2AE2 /* Build configuration list for PBXNativeTarget "LocationDemo" */;
			buildPhases = (
				4D4E72B12DA4B83600FC2AE2 /* Sources */,
				4D4E72B22DA4B83600FC2AE2 /* Frameworks */,
				4D4E72B32DA4B83600FC2AE2 /* Resources */,
			);
			buildRules = (
			);
			dependencies = (
			);
			fileSystemSynchronizedGroups = (
				4D4E72B72DA4B83600FC2AE2 /* LocationDemo */,
			);
			name = LocationDemo;
			packageProductDependencies = (
			);
			productName = LocationDemo;
			productReference = 4D4E72B52DA4B83600FC2AE2 /* LocationDemo.app */;
			productType = "com.apple.product-type.application";
		};
		4D4E72C42DA4B83800FC2AE2 /* LocationDemoTests */ = {
			isa = PBXNativeTarget;
			buildConfigurationList = 4D4E72DC2DA4B83800FC2AE2 /* Build configuration list for PBXNativeTarget "LocationDemoTests" */;
			buildPhases = (
				4D4E72C12DA4B83800FC2AE2 /* Sources */,
				4D4E72C22DA4B83800FC2AE2 /* Frameworks */,
				4D4E72C32DA4B83800FC2AE2 /* Resources */,
			);
			buildRules = (
			);
			dependencies = (
				4D4E72C72DA4B83800FC2AE2 /* PBXTargetDependency */,
			);
			fileSystemSynchronizedGroups = (
				4D4E72C82DA4B83800FC2AE2 /* LocationDemoTests */,
			);
			name = LocationDemoTests;
			packageProductDependencies = (
			);
			productName = LocationDemoTests;
			productReference = 4D4E72C52DA4B83800FC2AE2 /* LocationDemoTests.xctest */;
			productType = "com.apple.product-type.bundle.unit-test";
		};
		4D4E72CE2DA4B83800FC2AE2 /* LocationDemoUITests */ = {
			isa = PBXNativeTarget;
			buildConfigurationList = 4D4E72DF2DA4B83800FC2AE2 /* Build configuration list for PBXNativeTarget "LocationDemoUITests" */;
			buildPhases = (
				4D4E72CB2DA4B83800FC2AE2 /* Sources */,
				4D4E72CC2DA4B83800FC2AE2 /* Frameworks */,
				4D4E72CD2DA4B83800FC2AE2 /* Resources */,
			);
			buildRules = (
			);
			dependencies = (
				4D4E72D12DA4B83800FC2AE2 /* PBXTargetDependency */,
			);
			fileSystemSynchronizedGroups = (
				4D4E72D22DA4B83800FC2AE2 /* LocationDemoUITests */,
			);
			name = LocationDemoUITests;
			packageProductDependencies = (
			);
			productName = LocationDemoUITests;
			productReference = 4D4E72CF2DA4B83800FC2AE2 /* LocationDemoUITests.xctest */;
			productType = "com.apple.product-type.bundle.ui-testing";
		};
/* End PBXNativeTarget section */

/* Begin PBXProject section */
		4D4E72AD2DA4B83600FC2AE2 /* Project object */ = {
			isa = PBXProject;
			attributes = {
				BuildIndependentTargetsInParallel = 1;
				LastSwiftUpdateCheck = 1600;
				LastUpgradeCheck = 1600;
				TargetAttributes = {
					4D4E72B42DA4B83600FC2AE2 = {
						CreatedOnToolsVersion = 16.0;
					};
					4D4E72C42DA4B83800FC2AE2 = {
						CreatedOnToolsVersion = 16.0;
						TestTargetID = 4D4E72B42DA4B83600FC2AE2;
					};
					4D4E72CE2DA4B83800FC2AE2 = {
						CreatedOnToolsVersion = 16.0;
						TestTargetID = 4D4E72B42DA4B83600FC2AE2;
					};
				};
			};
			buildConfigurationList = 4D4E72B02DA4B83600FC2AE2 /* Build configuration list for PBXProject "LocationDemo" */;
			developmentRegion = en;
			hasScannedForEncodings = 0;
			knownRegions = (
				en,
				Base,
			);
			mainGroup = 4D4E72AC2DA4B83600FC2AE2;
			minimizedProjectReferenceProxies = 1;
			preferredProjectObjectVersion = 77;
			productRefGroup = 4D4E72B62DA4B83600FC2AE2 /* Products */;
			projectDirPath = "";
			projectRoot = "";
			targets = (
				4D4E72B42DA4B83600FC2AE2 /* LocationDemo */,
				4D4E72C42DA4B83800FC2AE2 /* LocationDemoTests */,
				4D4E72CE2DA4B83800FC2AE2 /* LocationDemoUITests */,
			);
		};
/* End PBXProject section */

/* Begin PBXResourcesBuildPhase section */
		4D4E72B32DA4B83600FC2AE2 /* Resources */ = {
			isa = PBXResourcesBuildPhase;
			buildActionMask = 2147483647;
			files = (
			);
			runOnlyForDeploymentPostprocessing = 0;
		};
		4D4E72C32DA4B83800FC2AE2 /* Resources */ = {
			isa = PBXResourcesBuildPhase;
			buildActionMask = 2147483647;
			files = (
			);
			runOnlyForDeploymentPostprocessing = 0;
		};
		4D4E72CD2DA4B83800FC2AE2 /* Resources */ = {
			isa = PBXResourcesBuildPhase;
			buildActionMask = 2147483647;
			files = (
			);
			runOnlyForDeploymentPostprocessing = 0;
		};
/* End PBXResourcesBuildPhase section */

/* Begin PBXSourcesBuildPhase section */
		4D4E72B12DA4B83600FC2AE2 /* Sources */ = {
			isa = PBXSourcesBuildPhase;
			buildActionMask = 2147483647;
			files = (
				4D4E72E72DA4BF8B00FC2AE2 /* MapPage.swift in Sources */,
			);
			runOnlyForDeploymentPostprocessing = 0;
		};
		4D4E72C12DA4B83800FC2AE2 /* Sources */ = {
			isa = PBXSourcesBuildPhase;
			buildActionMask = 2147483647;
			files = (
			);
			runOnlyForDeploymentPostprocessing = 0;
		};
		4D4E72CB2DA4B83800FC2AE2 /* Sources */ = {
			isa = PBXSourcesBuildPhase;
			buildActionMask = 2147483647;
			files = (
			);
			runOnlyForDeploymentPostprocessing = 0;
		};
/* End PBXSourcesBuildPhase section */

/* Begin PBXTargetDependency section */
		4D4E72C72DA4B83800FC2AE2 /* PBXTargetDependency */ = {
			isa = PBXTargetDependency;
			target = 4D4E72B42DA4B83600FC2AE2 /* LocationDemo */;
			targetProxy = 4D4E72C62DA4B83800FC2AE2 /* PBXContainerItemProxy */;
		};
		4D4E72D12DA4B83800FC2AE2 /* PBXTargetDependency */ = {
			isa = PBXTargetDependency;
			target = 4D4E72B42DA4B83600FC2AE2 /* LocationDemo */;
			targetProxy = 4D4E72D02DA4B83800FC2AE2 /* PBXContainerItemProxy */;
		};
/* End PBXTargetDependency section */

/* Begin XCBuildConfiguration section */
		4D4E72D72DA4B83800FC2AE2 /* Debug */ = {
			isa = XCBuildConfiguration;
			buildSettings = {
				ALWAYS_SEARCH_USER_PATHS = NO;
				ASSETCATALOG_COMPILER_GENERATE_SWIFT_ASSET_SYMBOL_EXTENSIONS = YES;
				CLANG_ANALYZER_NONNULL = YES;
				CLANG_ANALYZER_NUMBER_OBJECT_CONVERSION = YES_AGGRESSIVE;
				CLANG_CXX_LANGUAGE_STANDARD = "gnu++20";
				CLANG_ENABLE_MODULES = YES;
				CLANG_ENABLE_OBJC_ARC = YES;
				CLANG_ENABLE_OBJC_WEAK = YES;
				CLANG_WARN_BLOCK_CAPTURE_AUTORELEASING = YES;
				CLANG_WARN_BOOL_CONVERSION = YES;
				CLANG_WARN_COMMA = YES;
				CLANG_WARN_CONSTANT_CONVERSION = YES;
				CLANG_WARN_DEPRECATED_OBJC_IMPLEMENTATIONS = YES;
				CLANG_WARN_DIRECT_OBJC_ISA_USAGE = YES_ERROR;
				CLANG_WARN_DOCUMENTATION_COMMENTS = YES;
				CLANG_WARN_EMPTY_BODY = YES;
				CLANG_WARN_ENUM_CONVERSION = YES;
				CLANG_WARN_INFINITE_RECURSION = YES;
				CLANG_WARN_INT_CONVERSION = YES;
				CLANG_WARN_NON_LITERAL_NULL_CONVERSION = YES;
				CLANG_WARN_OBJC_IMPLICIT_RETAIN_SELF = YES;
				CLANG_WARN_OBJC_LITERAL_CONVERSION = YES;
				CLANG_WARN_OBJC_ROOT_CLASS = YES_ERROR;
				CLANG_WARN_QUOTED_INCLUDE_IN_FRAMEWORK_HEADER = YES;
				CLANG_WARN_RANGE_LOOP_ANALYSIS = YES;
				CLANG_WARN_STRICT_PROTOTYPES = YES;
				CLANG_WARN_SUSPICIOUS_MOVE = YES;
				CLANG_WARN_UNGUARDED_AVAILABILITY = YES_AGGRESSIVE;
				CLANG_WARN_UNREACHABLE_CODE = YES;
				CLANG_WARN__DUPLICATE_METHOD_MATCH = YES;
				COPY_PHASE_STRIP = NO;
				DEBUG_INFORMATION_FORMAT = dwarf;
				ENABLE_STRICT_OBJC_MSGSEND = YES;
				ENABLE_TESTABILITY = YES;
				ENABLE_USER_SCRIPT_SANDBOXING = YES;
				GCC_C_LANGUAGE_STANDARD = gnu17;
				GCC_DYNAMIC_NO_PIC = NO;
				GCC_NO_COMMON_BLOCKS = YES;
				GCC_OPTIMIZATION_LEVEL = 0;
				GCC_PREPROCESSOR_DEFINITIONS = (
					"DEBUG=1",
					"$(inherited)",
				);
				GCC_WARN_64_TO_32_BIT_CONVERSION = YES;
				GCC_WARN_ABOUT_RETURN_TYPE = YES_ERROR;
				GCC_WARN_UNDECLARED_SELECTOR = YES;
				GCC_WARN_UNINITIALIZED_AUTOS = YES_AGGRESSIVE;
				GCC_WARN_UNUSED_FUNCTION = YES;
				GCC_WARN_UNUSED_VARIABLE = YES;
				IPHONEOS_DEPLOYMENT_TARGET = 18.0;
				LOCALIZATION_PREFERS_STRING_CATALOGS = YES;
				MTL_ENABLE_DEBUG_INFO = INCLUDE_SOURCE;
				MTL_FAST_MATH = YES;
				ONLY_ACTIVE_ARCH = YES;
				SDKROOT = iphoneos;
				SWIFT_ACTIVE_COMPILATION_CONDITIONS = "DEBUG $(inherited)";
				SWIFT_OPTIMIZATION_LEVEL = "-Onone";
			};
			name = Debug;
		};
		4D4E72D82DA4B83800FC2AE2 /* Release */ = {
			isa = XCBuildConfiguration;
			buildSettings = {
				ALWAYS_SEARCH_USER_PATHS = NO;
				ASSETCATALOG_COMPILER_GENERATE_SWIFT_ASSET_SYMBOL_EXTENSIONS = YES;
				CLANG_ANALYZER_NONNULL = YES;
				CLANG_ANALYZER_NUMBER_OBJECT_CONVERSION = YES_AGGRESSIVE;
				CLANG_CXX_LANGUAGE_STANDARD = "gnu++20";
				CLANG_ENABLE_MODULES = YES;
				CLANG_ENABLE_OBJC_ARC = YES;
				CLANG_ENABLE_OBJC_WEAK = YES;
				CLANG_WARN_BLOCK_CAPTURE_AUTORELEASING = YES;
				CLANG_WARN_BOOL_CONVERSION = YES;
				CLANG_WARN_COMMA = YES;
				CLANG_WARN_CONSTANT_CONVERSION = YES;
				CLANG_WARN_DEPRECATED_OBJC_IMPLEMENTATIONS = YES;
				CLANG_WARN_DIRECT_OBJC_ISA_USAGE = YES_ERROR;
				CLANG_WARN_DOCUMENTATION_COMMENTS = YES;
				CLANG_WARN_EMPTY_BODY = YES;
				CLANG_WARN_ENUM_CONVERSION = YES;
				CLANG_WARN_INFINITE_RECURSION = YES;
				CLANG_WARN_INT_CONVERSION = YES;
				CLANG_WARN_NON_LITERAL_NULL_CONVERSION = YES;
				CLANG_WARN_OBJC_IMPLICIT_RETAIN_SELF = YES;
				CLANG_WARN_OBJC_LITERAL_CONVERSION = YES;
				CLANG_WARN_OBJC_ROOT_CLASS = YES_ERROR;
				CLANG_WARN_QUOTED_INCLUDE_IN_FRAMEWORK_HEADER = YES;
				CLANG_WARN_RANGE_LOOP_ANALYSIS = YES;
				CLANG_WARN_STRICT_PROTOTYPES = YES;
				CLANG_WARN_SUSPICIOUS_MOVE = YES;
				CLANG_WARN_UNGUARDED_AVAILABILITY = YES_AGGRESSIVE;
				CLANG_WARN_UNREACHABLE_CODE = YES;
				CLANG_WARN__DUPLICATE_METHOD_MATCH = YES;
				COPY_PHASE_STRIP = NO;
				DEBUG_INFORMATION_FORMAT = "dwarf-with-dsym";
				ENABLE_NS_ASSERTIONS = NO;
				ENABLE_STRICT_OBJC_MSGSEND = YES;
				ENABLE_USER_SCRIPT_SANDBOXING = YES;
				GCC_C_LANGUAGE_STANDARD = gnu17;
				GCC_NO_COMMON_BLOCKS = YES;
				GCC_WARN_64_TO_32_BIT_CONVERSION = YES;
				GCC_WARN_ABOUT_RETURN_TYPE = YES_ERROR;
				GCC_WARN_UNDECLARED_SELECTOR = YES;
				GCC_WARN_UNINITIALIZED_AUTOS = YES_AGGRESSIVE;
				GCC_WARN_UNUSED_FUNCTION = YES;
				GCC_WARN_UNUSED_VARIABLE = YES;
				IPHONEOS_DEPLOYMENT_TARGET = 18.0;
				LOCALIZATION_PREFERS_STRING_CATALOGS = YES;
				MTL_ENABLE_DEBUG_INFO = NO;
				MTL_FAST_MATH = YES;
				SDKROOT = iphoneos;
				SWIFT_COMPILATION_MODE = wholemodule;
				VALIDATE_PRODUCT = YES;
			};
			name = Release;
		};
		4D4E72DA2DA4B83800FC2AE2 /* Debug */ = {
			isa = XCBuildConfiguration;
			buildSettings = {
				ASSETCATALOG_COMPILER_APPICON_NAME = AppIcon;
				ASSETCATALOG_COMPILER_GLOBAL_ACCENT_COLOR_NAME = AccentColor;
				CODE_SIGN_STYLE = Automatic;
				CURRENT_PROJECT_VERSION = 1;
				DEVELOPMENT_ASSET_PATHS = "\"LocationDemo/Preview Content\"";
				ENABLE_PREVIEWS = YES;
				GENERATE_INFOPLIST_FILE = YES;
				INFOPLIST_KEY_NSLocationAlwaysAndWhenInUseUsageDescription = "Because we want to :D";
				INFOPLIST_KEY_NSLocationWhenInUseUsageDescription = "Because we want to =D";
				INFOPLIST_KEY_UIApplicationSceneManifest_Generation = YES;
				INFOPLIST_KEY_UIApplicationSupportsIndirectInputEvents = YES;
				INFOPLIST_KEY_UILaunchScreen_Generation = YES;
				INFOPLIST_KEY_UISupportedInterfaceOrientations_iPad = "UIInterfaceOrientationPortrait UIInterfaceOrientationPortraitUpsideDown UIInterfaceOrientationLandscapeLeft UIInterfaceOrientationLandscapeRight";
				INFOPLIST_KEY_UISupportedInterfaceOrientations_iPhone = "UIInterfaceOrientationPortrait UIInterfaceOrientationLandscapeLeft UIInterfaceOrientationLandscapeRight";
				LD_RUNPATH_SEARCH_PATHS = (
					"$(inherited)",
					"@executable_path/Frameworks",
				);
				MARKETING_VERSION = 1.0;
				PRODUCT_BUNDLE_IDENTIFIER = edu.usc.LocationDemo;
				PRODUCT_NAME = "$(TARGET_NAME)";
				SWIFT_EMIT_LOC_STRINGS = YES;
				SWIFT_VERSION = 5.0;
				TARGETED_DEVICE_FAMILY = "1,2";
			};
			name = Debug;
		};
		4D4E72DB2DA4B83800FC2AE2 /* Release */ = {
			isa = XCBuildConfiguration;
			buildSettings = {
				ASSETCATALOG_COMPILER_APPICON_NAME = AppIcon;
				ASSETCATALOG_COMPILER_GLOBAL_ACCENT_COLOR_NAME = AccentColor;
				CODE_SIGN_STYLE = Automatic;
				CURRENT_PROJECT_VERSION = 1;
				DEVELOPMENT_ASSET_PATHS = "\"LocationDemo/Preview Content\"";
				ENABLE_PREVIEWS = YES;
				GENERATE_INFOPLIST_FILE = YES;
				INFOPLIST_KEY_NSLocationAlwaysAndWhenInUseUsageDescription = "Because we want to :D";
				INFOPLIST_KEY_NSLocationWhenInUseUsageDescription = "Because we want to =D";
				INFOPLIST_KEY_UIApplicationSceneManifest_Generation = YES;
				INFOPLIST_KEY_UIApplicationSupportsIndirectInputEvents = YES;
				INFOPLIST_KEY_UILaunchScreen_Generation = YES;
				INFOPLIST_KEY_UISupportedInterfaceOrientations_iPad = "UIInterfaceOrientationPortrait UIInterfaceOrientationPortraitUpsideDown UIInterfaceOrientationLandscapeLeft UIInterfaceOrientationLandscapeRight";
				INFOPLIST_KEY_UISupportedInterfaceOrientations_iPhone = "UIInterfaceOrientationPortrait UIInterfaceOrientationLandscapeLeft UIInterfaceOrientationLandscapeRight";
				LD_RUNPATH_SEARCH_PATHS = (
					"$(inherited)",
					"@executable_path/Frameworks",
				);
				MARKETING_VERSION = 1.0;
				PRODUCT_BUNDLE_IDENTIFIER = edu.usc.LocationDemo;
				PRODUCT_NAME = "$(TARGET_NAME)";
				SWIFT_EMIT_LOC_STRINGS = YES;
				SWIFT_VERSION = 5.0;
				TARGETED_DEVICE_FAMILY = "1,2";
			};
			name = Release;
		};
		4D4E72DD2DA4B83800FC2AE2 /* Debug */ = {
			isa = XCBuildConfiguration;
			buildSettings = {
				BUNDLE_LOADER = "$(TEST_HOST)";
				CODE_SIGN_STYLE = Automatic;
				CURRENT_PROJECT_VERSION = 1;
				GENERATE_INFOPLIST_FILE = YES;
				IPHONEOS_DEPLOYMENT_TARGET = 18.0;
				MARKETING_VERSION = 1.0;
				PRODUCT_BUNDLE_IDENTIFIER = edu.usc.LocationDemoTests;
				PRODUCT_NAME = "$(TARGET_NAME)";
				SWIFT_EMIT_LOC_STRINGS = NO;
				SWIFT_VERSION = 5.0;
				TARGETED_DEVICE_FAMILY = "1,2";
				TEST_HOST = "$(BUILT_PRODUCTS_DIR)/LocationDemo.app/$(BUNDLE_EXECUTABLE_FOLDER_PATH)/LocationDemo";
			};
			name = Debug;
		};
		4D4E72DE2DA4B83800FC2AE2 /* Release */ = {
			isa = XCBuildConfiguration;
			buildSettings = {
				BUNDLE_LOADER = "$(TEST_HOST)";
				CODE_SIGN_STYLE = Automatic;
				CURRENT_PROJECT_VERSION = 1;
				GENERATE_INFOPLIST_FILE = YES;
				IPHONEOS_DEPLOYMENT_TARGET = 18.0;
				MARKETING_VERSION = 1.0;
				PRODUCT_BUNDLE_IDENTIFIER = edu.usc.LocationDemoTests;
				PRODUCT_NAME = "$(TARGET_NAME)";
				SWIFT_EMIT_LOC_STRINGS = NO;
				SWIFT_VERSION = 5.0;
				TARGETED_DEVICE_FAMILY = "1,2";
				TEST_HOST = "$(BUILT_PRODUCTS_DIR)/LocationDemo.app/$(BUNDLE_EXECUTABLE_FOLDER_PATH)/LocationDemo";
			};
			name = Release;
		};
		4D4E72E02DA4B83800FC2AE2 /* Debug */ = {
			isa = XCBuildConfiguration;
			buildSettings = {
				CODE_SIGN_STYLE = Automatic;
				CURRENT_PROJECT_VERSION = 1;
				GENERATE_INFOPLIST_FILE = YES;
				MARKETING_VERSION = 1.0;
				PRODUCT_BUNDLE_IDENTIFIER = edu.usc.LocationDemoUITests;
				PRODUCT_NAME = "$(TARGET_NAME)";
				SWIFT_EMIT_LOC_STRINGS = NO;
				SWIFT_VERSION = 5.0;
				TARGETED_DEVICE_FAMILY = "1,2";
				TEST_TARGET_NAME = LocationDemo;
			};
			name = Debug;
		};
		4D4E72E12DA4B83800FC2AE2 /* Release */ = {
			isa = XCBuildConfiguration;
			buildSettings = {
				CODE_SIGN_STYLE = Automatic;
				CURRENT_PROJECT_VERSION = 1;
				GENERATE_INFOPLIST_FILE = YES;
				MARKETING_VERSION = 1.0;
				PRODUCT_BUNDLE_IDENTIFIER = edu.usc.LocationDemoUITests;
				PRODUCT_NAME = "$(TARGET_NAME)";
				SWIFT_EMIT_LOC_STRINGS = NO;
				SWIFT_VERSION = 5.0;
				TARGETED_DEVICE_FAMILY = "1,2";
				TEST_TARGET_NAME = LocationDemo;
			};
			name = Release;
		};
/* End XCBuildConfiguration section */

/* Begin XCConfigurationList section */
		4D4E72B02DA4B83600FC2AE2 /* Build configuration list for PBXProject "LocationDemo" */ = {
			isa = XCConfigurationList;
			buildConfigurations = (
				4D4E72D72DA4B83800FC2AE2 /* Debug */,
				4D4E72D82DA4B83800FC2AE2 /* Release */,
			);
			defaultConfigurationIsVisible = 0;
			defaultConfigurationName = Release;
		};
		4D4E72D92DA4B83800FC2AE2 /* Build configuration list for PBXNativeTarget "LocationDemo" */ = {
			isa = XCConfigurationList;
			buildConfigurations = (
				4D4E72DA2DA4B83800FC2AE2 /* Debug */,
				4D4E72DB2DA4B83800FC2AE2 /* Release */,
			);
			defaultConfigurationIsVisible = 0;
			defaultConfigurationName = Release;
		};
		4D4E72DC2DA4B83800FC2AE2 /* Build configuration list for PBXNativeTarget "LocationDemoTests" */ = {
			isa = XCConfigurationList;
			buildConfigurations = (
				4D4E72DD2DA4B83800FC2AE2 /* Debug */,
				4D4E72DE2DA4B83800FC2AE2 /* Release */,
			);
			defaultConfigurationIsVisible = 0;
			defaultConfigurationName = Release;
		};
		4D4E72DF2DA4B83800FC2AE2 /* Build configuration list for PBXNativeTarget "LocationDemoUITests" */ = {
			isa = XCConfigurationList;
			buildConfigurations = (
				4D4E72E02DA4B83800FC2AE2 /* Debug */,
				4D4E72E12DA4B83800FC2AE2 /* Release */,
			);
			defaultConfigurationIsVisible = 0;
			defaultConfigurationName = Release;
		};
/* End XCConfigurationList section */
	};
	rootObject = 4D4E72AD2DA4B83600FC2AE2 /* Project object */;
}
