// !$*UTF8*$!
{
	archiveVersion = 1;
	classes = {
	};
	objectVersion = 77;
	objects = {

/* Begin PBXBuildFile section */
		4D90F0FE2DA75D3500D457AD /* FirebaseAuth in Frameworks */ = {isa = PBXBuildFile; productRef = 4D90F0FD2DA75D3500D457AD /* FirebaseAuth */; };
		4D90F1002DA75D3500D457AD /* FirebaseCore in Frameworks */ = {isa = PBXBuildFile; productRef = 4D90F0FF2DA75D3500D457AD /* FirebaseCore */; };
		4D90F1022DA75D3500D457AD /* FirebaseFirestore in Frameworks */ = {isa = PBXBuildFile; productRef = 4D90F1012DA75D3500D457AD /* FirebaseFirestore */; };
		4D90F1042DA75D3500D457AD /* FirebaseStorage in Frameworks */ = {isa = PBXBuildFile; productRef = 4D90F1032DA75D3500D457AD /* FirebaseStorage */; };
/* End PBXBuildFile section */

/* Begin PBXContainerItemProxy section */
		4D90F0DE2DA7571D00D457AD /* PBXContainerItemProxy */ = {
			isa = PBXContainerItemProxy;
			containerPortal = 4D90F0C52DA7571B00D457AD /* Project object */;
			proxyType = 1;
			remoteGlobalIDString = 4D90F0CC2DA7571B00D457AD;
			remoteInfo = FirebaseDemo;
		};
		4D90F0E82DA7571D00D457AD /* PBXContainerItemProxy */ = {
			isa = PBXContainerItemProxy;
			containerPortal = 4D90F0C52DA7571B00D457AD /* Project object */;
			proxyType = 1;
			remoteGlobalIDString = 4D90F0CC2DA7571B00D457AD;
			remoteInfo = FirebaseDemo;
		};
/* End PBXContainerItemProxy section */

/* Begin PBXFileReference section */
		4D90F0CD2DA7571B00D457AD /* FirebaseDemo.app */ = {isa = PBXFileReference; explicitFileType = wrapper.application; includeInIndex = 0; path = FirebaseDemo.app; sourceTree = BUILT_PRODUCTS_DIR; };
		4D90F0DD2DA7571D00D457AD /* FirebaseDemoTests.xctest */ = {isa = PBXFileReference; explicitFileType = wrapper.cfbundle; includeInIndex = 0; path = FirebaseDemoTests.xctest; sourceTree = BUILT_PRODUCTS_DIR; };
		4D90F0E72DA7571D00D457AD /* FirebaseDemoUITests.xctest */ = {isa = PBXFileReference; explicitFileType = wrapper.cfbundle; includeInIndex = 0; path = FirebaseDemoUITests.xctest; sourceTree = BUILT_PRODUCTS_DIR; };
/* End PBXFileReference section */

/* Begin PBXFileSystemSynchronizedRootGroup section */
		4D90F0CF2DA7571B00D457AD /* FirebaseDemo */ = {
			isa = PBXFileSystemSynchronizedRootGroup;
			path = FirebaseDemo;
			sourceTree = "<group>";
		};
		4D90F0E02DA7571D00D457AD /* FirebaseDemoTests */ = {
			isa = PBXFileSystemSynchronizedRootGroup;
			path = FirebaseDemoTests;
			sourceTree = "<group>";
		};
		4D90F0EA2DA7571D00D457AD /* FirebaseDemoUITests */ = {
			isa = PBXFileSystemSynchronizedRootGroup;
			path = FirebaseDemoUITests;
			sourceTree = "<group>";
		};
/* End PBXFileSystemSynchronizedRootGroup section */

/* Begin PBXFrameworksBuildPhase section */
		4D90F0CA2DA7571B00D457AD /* Frameworks */ = {
			isa = PBXFrameworksBuildPhase;
			buildActionMask = 2147483647;
			files = (
				4D90F1002DA75D3500D457AD /* FirebaseCore in Frameworks */,
				4D90F1042DA75D3500D457AD /* FirebaseStorage in Frameworks */,
				4D90F0FE2DA75D3500D457AD /* FirebaseAuth in Frameworks */,
				4D90F1022DA75D3500D457AD /* FirebaseFirestore in Frameworks */,
			);
			runOnlyForDeploymentPostprocessing = 0;
		};
		4D90F0DA2DA7571D00D457AD /* Frameworks */ = {
			isa = PBXFrameworksBuildPhase;
			buildActionMask = 2147483647;
			files = (
			);
			runOnlyForDeploymentPostprocessing = 0;
		};
		4D90F0E42DA7571D00D457AD /* Frameworks */ = {
			isa = PBXFrameworksBuildPhase;
			buildActionMask = 2147483647;
			files = (
			);
			runOnlyForDeploymentPostprocessing = 0;
		};
/* End PBXFrameworksBuildPhase section */

/* Begin PBXGroup section */
		4D90F0C42DA7571B00D457AD = {
			isa = PBXGroup;
			children = (
				4D90F0CF2DA7571B00D457AD /* FirebaseDemo */,
				4D90F0E02DA7571D00D457AD /* FirebaseDemoTests */,
				4D90F0EA2DA7571D00D457AD /* FirebaseDemoUITests */,
				4D90F0CE2DA7571B00D457AD /* Products */,
			);
			sourceTree = "<group>";
		};
		4D90F0CE2DA7571B00D457AD /* Products */ = {
			isa = PBXGroup;
			children = (
				4D90F0CD2DA7571B00D457AD /* FirebaseDemo.app */,
				4D90F0DD2DA7571D00D457AD /* FirebaseDemoTests.xctest */,
				4D90F0E72DA7571D00D457AD /* FirebaseDemoUITests.xctest */,
			);
			name = Products;
			sourceTree = "<group>";
		};
/* End PBXGroup section */

/* Begin PBXNativeTarget section */
		4D90F0CC2DA7571B00D457AD /* FirebaseDemo */ = {
			isa = PBXNativeTarget;
			buildConfigurationList = 4D90F0F12DA7571D00D457AD /* Build configuration list for PBXNativeTarget "FirebaseDemo" */;
			buildPhases = (
				4D90F0C92DA7571B00D457AD /* Sources */,
				4D90F0CA2DA7571B00D457AD /* Frameworks */,
				4D90F0CB2DA7571B00D457AD /* Resources */,
			);
			buildRules = (
			);
			dependencies = (
			);
			fileSystemSynchronizedGroups = (
				4D90F0CF2DA7571B00D457AD /* FirebaseDemo */,
			);
			name = FirebaseDemo;
			packageProductDependencies = (
				4D90F0FD2DA75D3500D457AD /* FirebaseAuth */,
				4D90F0FF2DA75D3500D457AD /* FirebaseCore */,
				4D90F1012DA75D3500D457AD /* FirebaseFirestore */,
				4D90F1032DA75D3500D457AD /* FirebaseStorage */,
			);
			productName = FirebaseDemo;
			productReference = 4D90F0CD2DA7571B00D457AD /* FirebaseDemo.app */;
			productType = "com.apple.product-type.application";
		};
		4D90F0DC2DA7571D00D457AD /* FirebaseDemoTests */ = {
			isa = PBXNativeTarget;
			buildConfigurationList = 4D90F0F42DA7571D00D457AD /* Build configuration list for PBXNativeTarget "FirebaseDemoTests" */;
			buildPhases = (
				4D90F0D92DA7571D00D457AD /* Sources */,
				4D90F0DA2DA7571D00D457AD /* Frameworks */,
				4D90F0DB2DA7571D00D457AD /* Resources */,
			);
			buildRules = (
			);
			dependencies = (
				4D90F0DF2DA7571D00D457AD /* PBXTargetDependency */,
			);
			fileSystemSynchronizedGroups = (
				4D90F0E02DA7571D00D457AD /* FirebaseDemoTests */,
			);
			name = FirebaseDemoTests;
			packageProductDependencies = (
			);
			productName = FirebaseDemoTests;
			productReference = 4D90F0DD2DA7571D00D457AD /* FirebaseDemoTests.xctest */;
			productType = "com.apple.product-type.bundle.unit-test";
		};
		4D90F0E62DA7571D00D457AD /* FirebaseDemoUITests */ = {
			isa = PBXNativeTarget;
			buildConfigurationList = 4D90F0F72DA7571D00D457AD /* Build configuration list for PBXNativeTarget "FirebaseDemoUITests" */;
			buildPhases = (
				4D90F0E32DA7571D00D457AD /* Sources */,
				4D90F0E42DA7571D00D457AD /* Frameworks */,
				4D90F0E52DA7571D00D457AD /* Resources */,
			);
			buildRules = (
			);
			dependencies = (
				4D90F0E92DA7571D00D457AD /* PBXTargetDependency */,
			);
			fileSystemSynchronizedGroups = (
				4D90F0EA2DA7571D00D457AD /* FirebaseDemoUITests */,
			);
			name = FirebaseDemoUITests;
			packageProductDependencies = (
			);
			productName = FirebaseDemoUITests;
			productReference = 4D90F0E72DA7571D00D457AD /* FirebaseDemoUITests.xctest */;
			productType = "com.apple.product-type.bundle.ui-testing";
		};
/* End PBXNativeTarget section */

/* Begin PBXProject section */
		4D90F0C52DA7571B00D457AD /* Project object */ = {
			isa = PBXProject;
			attributes = {
				BuildIndependentTargetsInParallel = 1;
				LastSwiftUpdateCheck = 1600;
				LastUpgradeCheck = 1600;
				TargetAttributes = {
					4D90F0CC2DA7571B00D457AD = {
						CreatedOnToolsVersion = 16.0;
					};
					4D90F0DC2DA7571D00D457AD = {
						CreatedOnToolsVersion = 16.0;
						TestTargetID = 4D90F0CC2DA7571B00D457AD;
					};
					4D90F0E62DA7571D00D457AD = {
						CreatedOnToolsVersion = 16.0;
						TestTargetID = 4D90F0CC2DA7571B00D457AD;
					};
				};
			};
			buildConfigurationList = 4D90F0C82DA7571B00D457AD /* Build configuration list for PBXProject "FirebaseDemo" */;
			developmentRegion = en;
			hasScannedForEncodings = 0;
			knownRegions = (
				en,
				Base,
			);
			mainGroup = 4D90F0C42DA7571B00D457AD;
			minimizedProjectReferenceProxies = 1;
			packageReferences = (
				4D90F0FC2DA75D3400D457AD /* XCRemoteSwiftPackageReference "firebase-ios-sdk" */,
			);
			preferredProjectObjectVersion = 77;
			productRefGroup = 4D90F0CE2DA7571B00D457AD /* Products */;
			projectDirPath = "";
			projectRoot = "";
			targets = (
				4D90F0CC2DA7571B00D457AD /* FirebaseDemo */,
				4D90F0DC2DA7571D00D457AD /* FirebaseDemoTests */,
				4D90F0E62DA7571D00D457AD /* FirebaseDemoUITests */,
			);
		};
/* End PBXProject section */

/* Begin PBXResourcesBuildPhase section */
		4D90F0CB2DA7571B00D457AD /* Resources */ = {
			isa = PBXResourcesBuildPhase;
			buildActionMask = 2147483647;
			files = (
			);
			runOnlyForDeploymentPostprocessing = 0;
		};
		4D90F0DB2DA7571D00D457AD /* Resources */ = {
			isa = PBXResourcesBuildPhase;
			buildActionMask = 2147483647;
			files = (
			);
			runOnlyForDeploymentPostprocessing = 0;
		};
		4D90F0E52DA7571D00D457AD /* Resources */ = {
			isa = PBXResourcesBuildPhase;
			buildActionMask = 2147483647;
			files = (
			);
			runOnlyForDeploymentPostprocessing = 0;
		};
/* End PBXResourcesBuildPhase section */

/* Begin PBXSourcesBuildPhase section */
		4D90F0C92DA7571B00D457AD /* Sources */ = {
			isa = PBXSourcesBuildPhase;
			buildActionMask = 2147483647;
			files = (
			);
			runOnlyForDeploymentPostprocessing = 0;
		};
		4D90F0D92DA7571D00D457AD /* Sources */ = {
			isa = PBXSourcesBuildPhase;
			buildActionMask = 2147483647;
			files = (
			);
			runOnlyForDeploymentPostprocessing = 0;
		};
		4D90F0E32DA7571D00D457AD /* Sources */ = {
			isa = PBXSourcesBuildPhase;
			buildActionMask = 2147483647;
			files = (
			);
			runOnlyForDeploymentPostprocessing = 0;
		};
/* End PBXSourcesBuildPhase section */

/* Begin PBXTargetDependency section */
		4D90F0DF2DA7571D00D457AD /* PBXTargetDependency */ = {
			isa = PBXTargetDependency;
			target = 4D90F0CC2DA7571B00D457AD /* FirebaseDemo */;
			targetProxy = 4D90F0DE2DA7571D00D457AD /* PBXContainerItemProxy */;
		};
		4D90F0E92DA7571D00D457AD /* PBXTargetDependency */ = {
			isa = PBXTargetDependency;
			target = 4D90F0CC2DA7571B00D457AD /* FirebaseDemo */;
			targetProxy = 4D90F0E82DA7571D00D457AD /* PBXContainerItemProxy */;
		};
/* End PBXTargetDependency section */

/* Begin XCBuildConfiguration section */
		4D90F0EF2DA7571D00D457AD /* Debug */ = {
			isa = XCBuildConfiguration;
			buildSettings = {
				ALWAYS_SEARCH_USER_PATHS = NO;
				ASSETCATALOG_COMPILER_GENERATE_SWIFT_ASSET_SYMBOL_EXTENSIONS = YES;
				CLANG_ANALYZER_NONNULL = YES;
				CLANG_ANALYZER_NUMBER_OBJECT_CONVERSION = YES_AGGRESSIVE;
				CLANG_CXX_LANGUAGE_STANDARD = "gnu++20";
				CLANG_ENABLE_MODULES = YES;
				CLANG_ENABLE_OBJC_ARC = YES;
				CLANG_ENABLE_OBJC_WEAK = YES;
				CLANG_WARN_BLOCK_CAPTURE_AUTORELEASING = YES;
				CLANG_WARN_BOOL_CONVERSION = YES;
				CLANG_WARN_COMMA = YES;
				CLANG_WARN_CONSTANT_CONVERSION = YES;
				CLANG_WARN_DEPRECATED_OBJC_IMPLEMENTATIONS = YES;
				CLANG_WARN_DIRECT_OBJC_ISA_USAGE = YES_ERROR;
				CLANG_WARN_DOCUMENTATION_COMMENTS = YES;
				CLANG_WARN_EMPTY_BODY = YES;
				CLANG_WARN_ENUM_CONVERSION = YES;
				CLANG_WARN_INFINITE_RECURSION = YES;
				CLANG_WARN_INT_CONVERSION = YES;
				CLANG_WARN_NON_LITERAL_NULL_CONVERSION = YES;
				CLANG_WARN_OBJC_IMPLICIT_RETAIN_SELF = YES;
				CLANG_WARN_OBJC_LITERAL_CONVERSION = YES;
				CLANG_WARN_OBJC_ROOT_CLASS = YES_ERROR;
				CLANG_WARN_QUOTED_INCLUDE_IN_FRAMEWORK_HEADER = YES;
				CLANG_WARN_RANGE_LOOP_ANALYSIS = YES;
				CLANG_WARN_STRICT_PROTOTYPES = YES;
				CLANG_WARN_SUSPICIOUS_MOVE = YES;
				CLANG_WARN_UNGUARDED_AVAILABILITY = YES_AGGRESSIVE;
				CLANG_WARN_UNREACHABLE_CODE = YES;
				CLANG_WARN__DUPLICATE_METHOD_MATCH = YES;
				COPY_PHASE_STRIP = NO;
				DEBUG_INFORMATION_FORMAT = dwarf;
				ENABLE_STRICT_OBJC_MSGSEND = YES;
				ENABLE_TESTABILITY = YES;
				ENABLE_USER_SCRIPT_SANDBOXING = YES;
				GCC_C_LANGUAGE_STANDARD = gnu17;
				GCC_DYNAMIC_NO_PIC = NO;
				GCC_NO_COMMON_BLOCKS = YES;
				GCC_OPTIMIZATION_LEVEL = 0;
				GCC_PREPROCESSOR_DEFINITIONS = (
					"DEBUG=1",
					"$(inherited)",
				);
				GCC_WARN_64_TO_32_BIT_CONVERSION = YES;
				GCC_WARN_ABOUT_RETURN_TYPE = YES_ERROR;
				GCC_WARN_UNDECLARED_SELECTOR = YES;
				GCC_WARN_UNINITIALIZED_AUTOS = YES_AGGRESSIVE;
				GCC_WARN_UNUSED_FUNCTION = YES;
				GCC_WARN_UNUSED_VARIABLE = YES;
				IPHONEOS_DEPLOYMENT_TARGET = 18.0;
				LOCALIZATION_PREFERS_STRING_CATALOGS = YES;
				MTL_ENABLE_DEBUG_INFO = INCLUDE_SOURCE;
				MTL_FAST_MATH = YES;
				ONLY_ACTIVE_ARCH = YES;
				SDKROOT = iphoneos;
				SWIFT_ACTIVE_COMPILATION_CONDITIONS = "DEBUG $(inherited)";
				SWIFT_OPTIMIZATION_LEVEL = "-Onone";
			};
			name = Debug;
		};
		4D90F0F02DA7571D00D457AD /* Release */ = {
			isa = XCBuildConfiguration;
			buildSettings = {
				ALWAYS_SEARCH_USER_PATHS = NO;
				ASSETCATALOG_COMPILER_GENERATE_SWIFT_ASSET_SYMBOL_EXTENSIONS = YES;
				CLANG_ANALYZER_NONNULL = YES;
				CLANG_ANALYZER_NUMBER_OBJECT_CONVERSION = YES_AGGRESSIVE;
				CLANG_CXX_LANGUAGE_STANDARD = "gnu++20";
				CLANG_ENABLE_MODULES = YES;
				CLANG_ENABLE_OBJC_ARC = YES;
				CLANG_ENABLE_OBJC_WEAK = YES;
				CLANG_WARN_BLOCK_CAPTURE_AUTORELEASING = YES;
				CLANG_WARN_BOOL_CONVERSION = YES;
				CLANG_WARN_COMMA = YES;
				CLANG_WARN_CONSTANT_CONVERSION = YES;
				CLANG_WARN_DEPRECATED_OBJC_IMPLEMENTATIONS = YES;
				CLANG_WARN_DIRECT_OBJC_ISA_USAGE = YES_ERROR;
				CLANG_WARN_DOCUMENTATION_COMMENTS = YES;
				CLANG_WARN_EMPTY_BODY = YES;
				CLANG_WARN_ENUM_CONVERSION = YES;
				CLANG_WARN_INFINITE_RECURSION = YES;
				CLANG_WARN_INT_CONVERSION = YES;
				CLANG_WARN_NON_LITERAL_NULL_CONVERSION = YES;
				CLANG_WARN_OBJC_IMPLICIT_RETAIN_SELF = YES;
				CLANG_WARN_OBJC_LITERAL_CONVERSION = YES;
				CLANG_WARN_OBJC_ROOT_CLASS = YES_ERROR;
				CLANG_WARN_QUOTED_INCLUDE_IN_FRAMEWORK_HEADER = YES;
				CLANG_WARN_RANGE_LOOP_ANALYSIS = YES;
				CLANG_WARN_STRICT_PROTOTYPES = YES;
				CLANG_WARN_SUSPICIOUS_MOVE = YES;
				CLANG_WARN_UNGUARDED_AVAILABILITY = YES_AGGRESSIVE;
				CLANG_WARN_UNREACHABLE_CODE = YES;
				CLANG_WARN__DUPLICATE_METHOD_MATCH = YES;
				COPY_PHASE_STRIP = NO;
				DEBUG_INFORMATION_FORMAT = "dwarf-with-dsym";
				ENABLE_NS_ASSERTIONS = NO;
				ENABLE_STRICT_OBJC_MSGSEND = YES;
				ENABLE_USER_SCRIPT_SANDBOXING = YES;
				GCC_C_LANGUAGE_STANDARD = gnu17;
				GCC_NO_COMMON_BLOCKS = YES;
				GCC_WARN_64_TO_32_BIT_CONVERSION = YES;
				GCC_WARN_ABOUT_RETURN_TYPE = YES_ERROR;
				GCC_WARN_UNDECLARED_SELECTOR = YES;
				GCC_WARN_UNINITIALIZED_AUTOS = YES_AGGRESSIVE;
				GCC_WARN_UNUSED_FUNCTION = YES;
				GCC_WARN_UNUSED_VARIABLE = YES;
				IPHONEOS_DEPLOYMENT_TARGET = 18.0;
				LOCALIZATION_PREFERS_STRING_CATALOGS = YES;
				MTL_ENABLE_DEBUG_INFO = NO;
				MTL_FAST_MATH = YES;
				SDKROOT = iphoneos;
				SWIFT_COMPILATION_MODE = wholemodule;
				VALIDATE_PRODUCT = YES;
			};
			name = Release;
		};
		4D90F0F22DA7571D00D457AD /* Debug */ = {
			isa = XCBuildConfiguration;
			buildSettings = {
				ASSETCATALOG_COMPILER_APPICON_NAME = AppIcon;
				ASSETCATALOG_COMPILER_GLOBAL_ACCENT_COLOR_NAME = AccentColor;
				CODE_SIGN_STYLE = Automatic;
				CURRENT_PROJECT_VERSION = 1;
				DEVELOPMENT_ASSET_PATHS = "\"FirebaseDemo/Preview Content\"";
				ENABLE_PREVIEWS = YES;
				GENERATE_INFOPLIST_FILE = YES;
				INFOPLIST_KEY_UIApplicationSceneManifest_Generation = YES;
				INFOPLIST_KEY_UIApplicationSupportsIndirectInputEvents = YES;
				INFOPLIST_KEY_UILaunchScreen_Generation = YES;
				INFOPLIST_KEY_UISupportedInterfaceOrientations_iPad = "UIInterfaceOrientationPortrait UIInterfaceOrientationPortraitUpsideDown UIInterfaceOrientationLandscapeLeft UIInterfaceOrientationLandscapeRight";
				INFOPLIST_KEY_UISupportedInterfaceOrientations_iPhone = "UIInterfaceOrientationPortrait UIInterfaceOrientationLandscapeLeft UIInterfaceOrientationLandscapeRight";
				LD_RUNPATH_SEARCH_PATHS = (
					"$(inherited)",
					"@executable_path/Frameworks",
				);
				MARKETING_VERSION = 1.0;
				PRODUCT_BUNDLE_IDENTIFIER = edu.usc.FirebaseDemo;
				PRODUCT_NAME = "$(TARGET_NAME)";
				SWIFT_EMIT_LOC_STRINGS = YES;
				SWIFT_VERSION = 5.0;
				TARGETED_DEVICE_FAMILY = "1,2";
			};
			name = Debug;
		};
		4D90F0F32DA7571D00D457AD /* Release */ = {
			isa = XCBuildConfiguration;
			buildSettings = {
				ASSETCATALOG_COMPILER_APPICON_NAME = AppIcon;
				ASSETCATALOG_COMPILER_GLOBAL_ACCENT_COLOR_NAME = AccentColor;
				CODE_SIGN_STYLE = Automatic;
				CURRENT_PROJECT_VERSION = 1;
				DEVELOPMENT_ASSET_PATHS = "\"FirebaseDemo/Preview Content\"";
				ENABLE_PREVIEWS = YES;
				GENERATE_INFOPLIST_FILE = YES;
				INFOPLIST_KEY_UIApplicationSceneManifest_Generation = YES;
				INFOPLIST_KEY_UIApplicationSupportsIndirectInputEvents = YES;
				INFOPLIST_KEY_UILaunchScreen_Generation = YES;
				INFOPLIST_KEY_UISupportedInterfaceOrientations_iPad = "UIInterfaceOrientationPortrait UIInterfaceOrientationPortraitUpsideDown UIInterfaceOrientationLandscapeLeft UIInterfaceOrientationLandscapeRight";
				INFOPLIST_KEY_UISupportedInterfaceOrientations_iPhone = "UIInterfaceOrientationPortrait UIInterfaceOrientationLandscapeLeft UIInterfaceOrientationLandscapeRight";
				LD_RUNPATH_SEARCH_PATHS = (
					"$(inherited)",
					"@executable_path/Frameworks",
				);
				MARKETING_VERSION = 1.0;
				PRODUCT_BUNDLE_IDENTIFIER = edu.usc.FirebaseDemo;
				PRODUCT_NAME = "$(TARGET_NAME)";
				SWIFT_EMIT_LOC_STRINGS = YES;
				SWIFT_VERSION = 5.0;
				TARGETED_DEVICE_FAMILY = "1,2";
			};
			name = Release;
		};
		4D90F0F52DA7571D00D457AD /* Debug */ = {
			isa = XCBuildConfiguration;
			buildSettings = {
				BUNDLE_LOADER = "$(TEST_HOST)";
				CODE_SIGN_STYLE = Automatic;
				CURRENT_PROJECT_VERSION = 1;
				GENERATE_INFOPLIST_FILE = YES;
				IPHONEOS_DEPLOYMENT_TARGET = 18.0;
				MARKETING_VERSION = 1.0;
				PRODUCT_BUNDLE_IDENTIFIER = edu.usc.FirebaseDemoTests;
				PRODUCT_NAME = "$(TARGET_NAME)";
				SWIFT_EMIT_LOC_STRINGS = NO;
				SWIFT_VERSION = 5.0;
				TARGETED_DEVICE_FAMILY = "1,2";
				TEST_HOST = "$(BUILT_PRODUCTS_DIR)/FirebaseDemo.app/$(BUNDLE_EXECUTABLE_FOLDER_PATH)/FirebaseDemo";
			};
			name = Debug;
		};
		4D90F0F62DA7571D00D457AD /* Release */ = {
			isa = XCBuildConfiguration;
			buildSettings = {
				BUNDLE_LOADER = "$(TEST_HOST)";
				CODE_SIGN_STYLE = Automatic;
				CURRENT_PROJECT_VERSION = 1;
				GENERATE_INFOPLIST_FILE = YES;
				IPHONEOS_DEPLOYMENT_TARGET = 18.0;
				MARKETING_VERSION = 1.0;
				PRODUCT_BUNDLE_IDENTIFIER = edu.usc.FirebaseDemoTests;
				PRODUCT_NAME = "$(TARGET_NAME)";
				SWIFT_EMIT_LOC_STRINGS = NO;
				SWIFT_VERSION = 5.0;
				TARGETED_DEVICE_FAMILY = "1,2";
				TEST_HOST = "$(BUILT_PRODUCTS_DIR)/FirebaseDemo.app/$(BUNDLE_EXECUTABLE_FOLDER_PATH)/FirebaseDemo";
			};
			name = Release;
		};
		4D90F0F82DA7571D00D457AD /* Debug */ = {
			isa = XCBuildConfiguration;
			buildSettings = {
				CODE_SIGN_STYLE = Automatic;
				CURRENT_PROJECT_VERSION = 1;
				GENERATE_INFOPLIST_FILE = YES;
				MARKETING_VERSION = 1.0;
				PRODUCT_BUNDLE_IDENTIFIER = edu.usc.FirebaseDemoUITests;
				PRODUCT_NAME = "$(TARGET_NAME)";
				SWIFT_EMIT_LOC_STRINGS = NO;
				SWIFT_VERSION = 5.0;
				TARGETED_DEVICE_FAMILY = "1,2";
				TEST_TARGET_NAME = FirebaseDemo;
			};
			name = Debug;
		};
		4D90F0F92DA7571D00D457AD /* Release */ = {
			isa = XCBuildConfiguration;
			buildSettings = {
				CODE_SIGN_STYLE = Automatic;
				CURRENT_PROJECT_VERSION = 1;
				GENERATE_INFOPLIST_FILE = YES;
				MARKETING_VERSION = 1.0;
				PRODUCT_BUNDLE_IDENTIFIER = edu.usc.FirebaseDemoUITests;
				PRODUCT_NAME = "$(TARGET_NAME)";
				SWIFT_EMIT_LOC_STRINGS = NO;
				SWIFT_VERSION = 5.0;
				TARGETED_DEVICE_FAMILY = "1,2";
				TEST_TARGET_NAME = FirebaseDemo;
			};
			name = Release;
		};
/* End XCBuildConfiguration section */

/* Begin XCConfigurationList section */
		4D90F0C82DA7571B00D457AD /* Build configuration list for PBXProject "FirebaseDemo" */ = {
			isa = XCConfigurationList;
			buildConfigurations = (
				4D90F0EF2DA7571D00D457AD /* Debug */,
				4D90F0F02DA7571D00D457AD /* Release */,
			);
			defaultConfigurationIsVisible = 0;
			defaultConfigurationName = Release;
		};
		4D90F0F12DA7571D00D457AD /* Build configuration list for PBXNativeTarget "FirebaseDemo" */ = {
			isa = XCConfigurationList;
			buildConfigurations = (
				4D90F0F22DA7571D00D457AD /* Debug */,
				4D90F0F32DA7571D00D457AD /* Release */,
			);
			defaultConfigurationIsVisible = 0;
			defaultConfigurationName = Release;
		};
		4D90F0F42DA7571D00D457AD /* Build configuration list for PBXNativeTarget "FirebaseDemoTests" */ = {
			isa = XCConfigurationList;
			buildConfigurations = (
				4D90F0F52DA7571D00D457AD /* Debug */,
				4D90F0F62DA7571D00D457AD /* Release */,
			);
			defaultConfigurationIsVisible = 0;
			defaultConfigurationName = Release;
		};
		4D90F0F72DA7571D00D457AD /* Build configuration list for PBXNativeTarget "FirebaseDemoUITests" */ = {
			isa = XCConfigurationList;
			buildConfigurations = (
				4D90F0F82DA7571D00D457AD /* Debug */,
				4D90F0F92DA7571D00D457AD /* Release */,
			);
			defaultConfigurationIsVisible = 0;
			defaultConfigurationName = Release;
		};
/* End XCConfigurationList section */

/* Begin XCRemoteSwiftPackageReference section */
		4D90F0FC2DA75D3400D457AD /* XCRemoteSwiftPackageReference "firebase-ios-sdk" */ = {
			isa = XCRemoteSwiftPackageReference;
			repositoryURL = "https://github.com/firebase/firebase-ios-sdk.git";
			requirement = {
				kind = upToNextMajorVersion;
				minimumVersion = 11.11.0;
			};
		};
/* End XCRemoteSwiftPackageReference section */

/* Begin XCSwiftPackageProductDependency section */
		4D90F0FD2DA75D3500D457AD /* FirebaseAuth */ = {
			isa = XCSwiftPackageProductDependency;
			package = 4D90F0FC2DA75D3400D457AD /* XCRemoteSwiftPackageReference "firebase-ios-sdk" */;
			productName = FirebaseAuth;
		};
		4D90F0FF2DA75D3500D457AD /* FirebaseCore */ = {
			isa = XCSwiftPackageProductDependency;
			package = 4D90F0FC2DA75D3400D457AD /* XCRemoteSwiftPackageReference "firebase-ios-sdk" */;
			productName = FirebaseCore;
		};
		4D90F1012DA75D3500D457AD /* FirebaseFirestore */ = {
			isa = XCSwiftPackageProductDependency;
			package = 4D90F0FC2DA75D3400D457AD /* XCRemoteSwiftPackageReference "firebase-ios-sdk" */;
			productName = FirebaseFirestore;
		};
		4D90F1032DA75D3500D457AD /* FirebaseStorage */ = {
			isa = XCSwiftPackageProductDependency;
			package = 4D90F0FC2DA75D3400D457AD /* XCRemoteSwiftPackageReference "firebase-ios-sdk" */;
			productName = FirebaseStorage;
		};
/* End XCSwiftPackageProductDependency section */
	};
	rootObject = 4D90F0C52DA7571B00D457AD /* Project object */;
}
