// !$*UTF8*$!
{
	archiveVersion = 1;
	classes = {
	};
	objectVersion = 77;
	objects = {

/* Begin PBXContainerItemProxy section */
		4DAF99DF2D700206002FC57B /* PBXContainerItemProxy */ = {
			isa = PBXContainerItemProxy;
			containerPortal = 4DAF99C62D700204002FC57B /* Project object */;
			proxyType = 1;
			remoteGlobalIDString = 4DAF99CD2D700204002FC57B;
			remoteInfo = UserDefaultsDemo;
		};
		4DAF99E92D700206002FC57B /* PBXContainerItemProxy */ = {
			isa = PBXContainerItemProxy;
			containerPortal = 4DAF99C62D700204002FC57B /* Project object */;
			proxyType = 1;
			remoteGlobalIDString = 4DAF99CD2D700204002FC57B;
			remoteInfo = UserDefaultsDemo;
		};
/* End PBXContainerItemProxy section */

/* Begin PBXFileReference section */
		4DAF99CE2D700204002FC57B /* UserDefaultsDemo.app */ = {isa = PBXFileReference; explicitFileType = wrapper.application; includeInIndex = 0; path = UserDefaultsDemo.app; sourceTree = BUILT_PRODUCTS_DIR; };
		4DAF99DE2D700206002FC57B /* UserDefaultsDemoTests.xctest */ = {isa = PBXFileReference; explicitFileType = wrapper.cfbundle; includeInIndex = 0; path = UserDefaultsDemoTests.xctest; sourceTree = BUILT_PRODUCTS_DIR; };
		4DAF99E82D700206002FC57B /* UserDefaultsDemoUITests.xctest */ = {isa = PBXFileReference; explicitFileType = wrapper.cfbundle; includeInIndex = 0; path = UserDefaultsDemoUITests.xctest; sourceTree = BUILT_PRODUCTS_DIR; };
/* End PBXFileReference section */

/* Begin PBXFileSystemSynchronizedRootGroup section */
		4DAF99D02D700204002FC57B /* UserDefaultsDemo */ = {
			isa = PBXFileSystemSynchronizedRootGroup;
			path = UserDefaultsDemo;
			sourceTree = "<group>";
		};
		4DAF99E12D700206002FC57B /* UserDefaultsDemoTests */ = {
			isa = PBXFileSystemSynchronizedRootGroup;
			path = UserDefaultsDemoTests;
			sourceTree = "<group>";
		};
		4DAF99EB2D700206002FC57B /* UserDefaultsDemoUITests */ = {
			isa = PBXFileSystemSynchronizedRootGroup;
			path = UserDefaultsDemoUITests;
			sourceTree = "<group>";
		};
/* End PBXFileSystemSynchronizedRootGroup section */

/* Begin PBXFrameworksBuildPhase section */
		4DAF99CB2D700204002FC57B /* Frameworks */ = {
			isa = PBXFrameworksBuildPhase;
			buildActionMask = 2147483647;
			files = (
			);
			runOnlyForDeploymentPostprocessing = 0;
		};
		4DAF99DB2D700206002FC57B /* Frameworks */ = {
			isa = PBXFrameworksBuildPhase;
			buildActionMask = 2147483647;
			files = (
			);
			runOnlyForDeploymentPostprocessing = 0;
		};
		4DAF99E52D700206002FC57B /* Frameworks */ = {
			isa = PBXFrameworksBuildPhase;
			buildActionMask = 2147483647;
			files = (
			);
			runOnlyForDeploymentPostprocessing = 0;
		};
/* End PBXFrameworksBuildPhase section */

/* Begin PBXGroup section */
		4DAF99C52D700204002FC57B = {
			isa = PBXGroup;
			children = (
				4DAF99D02D700204002FC57B /* UserDefaultsDemo */,
				4DAF99E12D700206002FC57B /* UserDefaultsDemoTests */,
				4DAF99EB2D700206002FC57B /* UserDefaultsDemoUITests */,
				4DAF99CF2D700204002FC57B /* Products */,
			);
			sourceTree = "<group>";
		};
		4DAF99CF2D700204002FC57B /* Products */ = {
			isa = PBXGroup;
			children = (
				4DAF99CE2D700204002FC57B /* UserDefaultsDemo.app */,
				4DAF99DE2D700206002FC57B /* UserDefaultsDemoTests.xctest */,
				4DAF99E82D700206002FC57B /* UserDefaultsDemoUITests.xctest */,
			);
			name = Products;
			sourceTree = "<group>";
		};
/* End PBXGroup section */

/* Begin PBXNativeTarget section */
		4DAF99CD2D700204002FC57B /* UserDefaultsDemo */ = {
			isa = PBXNativeTarget;
			buildConfigurationList = 4DAF99F22D700206002FC57B /* Build configuration list for PBXNativeTarget "UserDefaultsDemo" */;
			buildPhases = (
				4DAF99CA2D700204002FC57B /* Sources */,
				4DAF99CB2D700204002FC57B /* Frameworks */,
				4DAF99CC2D700204002FC57B /* Resources */,
			);
			buildRules = (
			);
			dependencies = (
			);
			fileSystemSynchronizedGroups = (
				4DAF99D02D700204002FC57B /* UserDefaultsDemo */,
			);
			name = UserDefaultsDemo;
			packageProductDependencies = (
			);
			productName = UserDefaultsDemo;
			productReference = 4DAF99CE2D700204002FC57B /* UserDefaultsDemo.app */;
			productType = "com.apple.product-type.application";
		};
		4DAF99DD2D700206002FC57B /* UserDefaultsDemoTests */ = {
			isa = PBXNativeTarget;
			buildConfigurationList = 4DAF99F52D700206002FC57B /* Build configuration list for PBXNativeTarget "UserDefaultsDemoTests" */;
			buildPhases = (
				4DAF99DA2D700206002FC57B /* Sources */,
				4DAF99DB2D700206002FC57B /* Frameworks */,
				4DAF99DC2D700206002FC57B /* Resources */,
			);
			buildRules = (
			);
			dependencies = (
				4DAF99E02D700206002FC57B /* PBXTargetDependency */,
			);
			fileSystemSynchronizedGroups = (
				4DAF99E12D700206002FC57B /* UserDefaultsDemoTests */,
			);
			name = UserDefaultsDemoTests;
			packageProductDependencies = (
			);
			productName = UserDefaultsDemoTests;
			productReference = 4DAF99DE2D700206002FC57B /* UserDefaultsDemoTests.xctest */;
			productType = "com.apple.product-type.bundle.unit-test";
		};
		4DAF99E72D700206002FC57B /* UserDefaultsDemoUITests */ = {
			isa = PBXNativeTarget;
			buildConfigurationList = 4DAF99F82D700206002FC57B /* Build configuration list for PBXNativeTarget "UserDefaultsDemoUITests" */;
			buildPhases = (
				4DAF99E42D700206002FC57B /* Sources */,
				4DAF99E52D700206002FC57B /* Frameworks */,
				4DAF99E62D700206002FC57B /* Resources */,
			);
			buildRules = (
			);
			dependencies = (
				4DAF99EA2D700206002FC57B /* PBXTargetDependency */,
			);
			fileSystemSynchronizedGroups = (
				4DAF99EB2D700206002FC57B /* UserDefaultsDemoUITests */,
			);
			name = UserDefaultsDemoUITests;
			packageProductDependencies = (
			);
			productName = UserDefaultsDemoUITests;
			productReference = 4DAF99E82D700206002FC57B /* UserDefaultsDemoUITests.xctest */;
			productType = "com.apple.product-type.bundle.ui-testing";
		};
/* End PBXNativeTarget section */

/* Begin PBXProject section */
		4DAF99C62D700204002FC57B /* Project object */ = {
			isa = PBXProject;
			attributes = {
				BuildIndependentTargetsInParallel = 1;
				LastSwiftUpdateCheck = 1600;
				LastUpgradeCheck = 1600;
				TargetAttributes = {
					4DAF99CD2D700204002FC57B = {
						CreatedOnToolsVersion = 16.0;
					};
					4DAF99DD2D700206002FC57B = {
						CreatedOnToolsVersion = 16.0;
						TestTargetID = 4DAF99CD2D700204002FC57B;
					};
					4DAF99E72D700206002FC57B = {
						CreatedOnToolsVersion = 16.0;
						TestTargetID = 4DAF99CD2D700204002FC57B;
					};
				};
			};
			buildConfigurationList = 4DAF99C92D700204002FC57B /* Build configuration list for PBXProject "UserDefaultsDemo" */;
			developmentRegion = en;
			hasScannedForEncodings = 0;
			knownRegions = (
				en,
				Base,
			);
			mainGroup = 4DAF99C52D700204002FC57B;
			minimizedProjectReferenceProxies = 1;
			preferredProjectObjectVersion = 77;
			productRefGroup = 4DAF99CF2D700204002FC57B /* Products */;
			projectDirPath = "";
			projectRoot = "";
			targets = (
				4DAF99CD2D700204002FC57B /* UserDefaultsDemo */,
				4DAF99DD2D700206002FC57B /* UserDefaultsDemoTests */,
				4DAF99E72D700206002FC57B /* UserDefaultsDemoUITests */,
			);
		};
/* End PBXProject section */

/* Begin PBXResourcesBuildPhase section */
		4DAF99CC2D700204002FC57B /* Resources */ = {
			isa = PBXResourcesBuildPhase;
			buildActionMask = 2147483647;
			files = (
			);
			runOnlyForDeploymentPostprocessing = 0;
		};
		4DAF99DC2D700206002FC57B /* Resources */ = {
			isa = PBXResourcesBuildPhase;
			buildActionMask = 2147483647;
			files = (
			);
			runOnlyForDeploymentPostprocessing = 0;
		};
		4DAF99E62D700206002FC57B /* Resources */ = {
			isa = PBXResourcesBuildPhase;
			buildActionMask = 2147483647;
			files = (
			);
			runOnlyForDeploymentPostprocessing = 0;
		};
/* End PBXResourcesBuildPhase section */

/* Begin PBXSourcesBuildPhase section */
		4DAF99CA2D700204002FC57B /* Sources */ = {
			isa = PBXSourcesBuildPhase;
			buildActionMask = 2147483647;
			files = (
			);
			runOnlyForDeploymentPostprocessing = 0;
		};
		4DAF99DA2D700206002FC57B /* Sources */ = {
			isa = PBXSourcesBuildPhase;
			buildActionMask = 2147483647;
			files = (
			);
			runOnlyForDeploymentPostprocessing = 0;
		};
		4DAF99E42D700206002FC57B /* Sources */ = {
			isa = PBXSourcesBuildPhase;
			buildActionMask = 2147483647;
			files = (
			);
			runOnlyForDeploymentPostprocessing = 0;
		};
/* End PBXSourcesBuildPhase section */

/* Begin PBXTargetDependency section */
		4DAF99E02D700206002FC57B /* PBXTargetDependency */ = {
			isa = PBXTargetDependency;
			target = 4DAF99CD2D700204002FC57B /* UserDefaultsDemo */;
			targetProxy = 4DAF99DF2D700206002FC57B /* PBXContainerItemProxy */;
		};
		4DAF99EA2D700206002FC57B /* PBXTargetDependency */ = {
			isa = PBXTargetDependency;
			target = 4DAF99CD2D700204002FC57B /* UserDefaultsDemo */;
			targetProxy = 4DAF99E92D700206002FC57B /* PBXContainerItemProxy */;
		};
/* End PBXTargetDependency section */

/* Begin XCBuildConfiguration section */
		4DAF99F02D700206002FC57B /* Debug */ = {
			isa = XCBuildConfiguration;
			buildSettings = {
				ALWAYS_SEARCH_USER_PATHS = NO;
				ASSETCATALOG_COMPILER_GENERATE_SWIFT_ASSET_SYMBOL_EXTENSIONS = YES;
				CLANG_ANALYZER_NONNULL = YES;
				CLANG_ANALYZER_NUMBER_OBJECT_CONVERSION = YES_AGGRESSIVE;
				CLANG_CXX_LANGUAGE_STANDARD = "gnu++20";
				CLANG_ENABLE_MODULES = YES;
				CLANG_ENABLE_OBJC_ARC = YES;
				CLANG_ENABLE_OBJC_WEAK = YES;
				CLANG_WARN_BLOCK_CAPTURE_AUTORELEASING = YES;
				CLANG_WARN_BOOL_CONVERSION = YES;
				CLANG_WARN_COMMA = YES;
				CLANG_WARN_CONSTANT_CONVERSION = YES;
				CLANG_WARN_DEPRECATED_OBJC_IMPLEMENTATIONS = YES;
				CLANG_WARN_DIRECT_OBJC_ISA_USAGE = YES_ERROR;
				CLANG_WARN_DOCUMENTATION_COMMENTS = YES;
				CLANG_WARN_EMPTY_BODY = YES;
				CLANG_WARN_ENUM_CONVERSION = YES;
				CLANG_WARN_INFINITE_RECURSION = YES;
				CLANG_WARN_INT_CONVERSION = YES;
				CLANG_WARN_NON_LITERAL_NULL_CONVERSION = YES;
				CLANG_WARN_OBJC_IMPLICIT_RETAIN_SELF = YES;
				CLANG_WARN_OBJC_LITERAL_CONVERSION = YES;
				CLANG_WARN_OBJC_ROOT_CLASS = YES_ERROR;
				CLANG_WARN_QUOTED_INCLUDE_IN_FRAMEWORK_HEADER = YES;
				CLANG_WARN_RANGE_LOOP_ANALYSIS = YES;
				CLANG_WARN_STRICT_PROTOTYPES = YES;
				CLANG_WARN_SUSPICIOUS_MOVE = YES;
				CLANG_WARN_UNGUARDED_AVAILABILITY = YES_AGGRESSIVE;
				CLANG_WARN_UNREACHABLE_CODE = YES;
				CLANG_WARN__DUPLICATE_METHOD_MATCH = YES;
				COPY_PHASE_STRIP = NO;
				DEBUG_INFORMATION_FORMAT = dwarf;
				ENABLE_STRICT_OBJC_MSGSEND = YES;
				ENABLE_TESTABILITY = YES;
				ENABLE_USER_SCRIPT_SANDBOXING = YES;
				GCC_C_LANGUAGE_STANDARD = gnu17;
				GCC_DYNAMIC_NO_PIC = NO;
				GCC_NO_COMMON_BLOCKS = YES;
				GCC_OPTIMIZATION_LEVEL = 0;
				GCC_PREPROCESSOR_DEFINITIONS = (
					"DEBUG=1",
					"$(inherited)",
				);
				GCC_WARN_64_TO_32_BIT_CONVERSION = YES;
				GCC_WARN_ABOUT_RETURN_TYPE = YES_ERROR;
				GCC_WARN_UNDECLARED_SELECTOR = YES;
				GCC_WARN_UNINITIALIZED_AUTOS = YES_AGGRESSIVE;
				GCC_WARN_UNUSED_FUNCTION = YES;
				GCC_WARN_UNUSED_VARIABLE = YES;
				IPHONEOS_DEPLOYMENT_TARGET = 18.0;
				LOCALIZATION_PREFERS_STRING_CATALOGS = YES;
				MTL_ENABLE_DEBUG_INFO = INCLUDE_SOURCE;
				MTL_FAST_MATH = YES;
				ONLY_ACTIVE_ARCH = YES;
				SDKROOT = iphoneos;
				SWIFT_ACTIVE_COMPILATION_CONDITIONS = "DEBUG $(inherited)";
				SWIFT_OPTIMIZATION_LEVEL = "-Onone";
			};
			name = Debug;
		};
		4DAF99F12D700206002FC57B /* Release */ = {
			isa = XCBuildConfiguration;
			buildSettings = {
				ALWAYS_SEARCH_USER_PATHS = NO;
				ASSETCATALOG_COMPILER_GENERATE_SWIFT_ASSET_SYMBOL_EXTENSIONS = YES;
				CLANG_ANALYZER_NONNULL = YES;
				CLANG_ANALYZER_NUMBER_OBJECT_CONVERSION = YES_AGGRESSIVE;
				CLANG_CXX_LANGUAGE_STANDARD = "gnu++20";
				CLANG_ENABLE_MODULES = YES;
				CLANG_ENABLE_OBJC_ARC = YES;
				CLANG_ENABLE_OBJC_WEAK = YES;
				CLANG_WARN_BLOCK_CAPTURE_AUTORELEASING = YES;
				CLANG_WARN_BOOL_CONVERSION = YES;
				CLANG_WARN_COMMA = YES;
				CLANG_WARN_CONSTANT_CONVERSION = YES;
				CLANG_WARN_DEPRECATED_OBJC_IMPLEMENTATIONS = YES;
				CLANG_WARN_DIRECT_OBJC_ISA_USAGE = YES_ERROR;
				CLANG_WARN_DOCUMENTATION_COMMENTS = YES;
				CLANG_WARN_EMPTY_BODY = YES;
				CLANG_WARN_ENUM_CONVERSION = YES;
				CLANG_WARN_INFINITE_RECURSION = YES;
				CLANG_WARN_INT_CONVERSION = YES;
				CLANG_WARN_NON_LITERAL_NULL_CONVERSION = YES;
				CLANG_WARN_OBJC_IMPLICIT_RETAIN_SELF = YES;
				CLANG_WARN_OBJC_LITERAL_CONVERSION = YES;
				CLANG_WARN_OBJC_ROOT_CLASS = YES_ERROR;
				CLANG_WARN_QUOTED_INCLUDE_IN_FRAMEWORK_HEADER = YES;
				CLANG_WARN_RANGE_LOOP_ANALYSIS = YES;
				CLANG_WARN_STRICT_PROTOTYPES = YES;
				CLANG_WARN_SUSPICIOUS_MOVE = YES;
				CLANG_WARN_UNGUARDED_AVAILABILITY = YES_AGGRESSIVE;
				CLANG_WARN_UNREACHABLE_CODE = YES;
				CLANG_WARN__DUPLICATE_METHOD_MATCH = YES;
				COPY_PHASE_STRIP = NO;
				DEBUG_INFORMATION_FORMAT = "dwarf-with-dsym";
				ENABLE_NS_ASSERTIONS = NO;
				ENABLE_STRICT_OBJC_MSGSEND = YES;
				ENABLE_USER_SCRIPT_SANDBOXING = YES;
				GCC_C_LANGUAGE_STANDARD = gnu17;
				GCC_NO_COMMON_BLOCKS = YES;
				GCC_WARN_64_TO_32_BIT_CONVERSION = YES;
				GCC_WARN_ABOUT_RETURN_TYPE = YES_ERROR;
				GCC_WARN_UNDECLARED_SELECTOR = YES;
				GCC_WARN_UNINITIALIZED_AUTOS = YES_AGGRESSIVE;
				GCC_WARN_UNUSED_FUNCTION = YES;
				GCC_WARN_UNUSED_VARIABLE = YES;
				IPHONEOS_DEPLOYMENT_TARGET = 18.0;
				LOCALIZATION_PREFERS_STRING_CATALOGS = YES;
				MTL_ENABLE_DEBUG_INFO = NO;
				MTL_FAST_MATH = YES;
				SDKROOT = iphoneos;
				SWIFT_COMPILATION_MODE = wholemodule;
				VALIDATE_PRODUCT = YES;
			};
			name = Release;
		};
		4DAF99F32D700206002FC57B /* Debug */ = {
			isa = XCBuildConfiguration;
			buildSettings = {
				ASSETCATALOG_COMPILER_APPICON_NAME = AppIcon;
				ASSETCATALOG_COMPILER_GLOBAL_ACCENT_COLOR_NAME = AccentColor;
				CODE_SIGN_STYLE = Automatic;
				CURRENT_PROJECT_VERSION = 1;
				DEVELOPMENT_ASSET_PATHS = "\"UserDefaultsDemo/Preview Content\"";
				ENABLE_PREVIEWS = YES;
				GENERATE_INFOPLIST_FILE = YES;
				INFOPLIST_KEY_UIApplicationSceneManifest_Generation = YES;
				INFOPLIST_KEY_UIApplicationSupportsIndirectInputEvents = YES;
				INFOPLIST_KEY_UILaunchScreen_Generation = YES;
				INFOPLIST_KEY_UISupportedInterfaceOrientations_iPad = "UIInterfaceOrientationPortrait UIInterfaceOrientationPortraitUpsideDown UIInterfaceOrientationLandscapeLeft UIInterfaceOrientationLandscapeRight";
				INFOPLIST_KEY_UISupportedInterfaceOrientations_iPhone = "UIInterfaceOrientationPortrait UIInterfaceOrientationLandscapeLeft UIInterfaceOrientationLandscapeRight";
				LD_RUNPATH_SEARCH_PATHS = (
					"$(inherited)",
					"@executable_path/Frameworks",
				);
				MARKETING_VERSION = 1.0;
				PRODUCT_BUNDLE_IDENTIFIER = edu.usc.UserDefaultsDemo;
				PRODUCT_NAME = "$(TARGET_NAME)";
				SWIFT_EMIT_LOC_STRINGS = YES;
				SWIFT_VERSION = 5.0;
				TARGETED_DEVICE_FAMILY = "1,2";
			};
			name = Debug;
		};
		4DAF99F42D700206002FC57B /* Release */ = {
			isa = XCBuildConfiguration;
			buildSettings = {
				ASSETCATALOG_COMPILER_APPICON_NAME = AppIcon;
				ASSETCATALOG_COMPILER_GLOBAL_ACCENT_COLOR_NAME = AccentColor;
				CODE_SIGN_STYLE = Automatic;
				CURRENT_PROJECT_VERSION = 1;
				DEVELOPMENT_ASSET_PATHS = "\"UserDefaultsDemo/Preview Content\"";
				ENABLE_PREVIEWS = YES;
				GENERATE_INFOPLIST_FILE = YES;
				INFOPLIST_KEY_UIApplicationSceneManifest_Generation = YES;
				INFOPLIST_KEY_UIApplicationSupportsIndirectInputEvents = YES;
				INFOPLIST_KEY_UILaunchScreen_Generation = YES;
				INFOPLIST_KEY_UISupportedInterfaceOrientations_iPad = "UIInterfaceOrientationPortrait UIInterfaceOrientationPortraitUpsideDown UIInterfaceOrientationLandscapeLeft UIInterfaceOrientationLandscapeRight";
				INFOPLIST_KEY_UISupportedInterfaceOrientations_iPhone = "UIInterfaceOrientationPortrait UIInterfaceOrientationLandscapeLeft UIInterfaceOrientationLandscapeRight";
				LD_RUNPATH_SEARCH_PATHS = (
					"$(inherited)",
					"@executable_path/Frameworks",
				);
				MARKETING_VERSION = 1.0;
				PRODUCT_BUNDLE_IDENTIFIER = edu.usc.UserDefaultsDemo;
				PRODUCT_NAME = "$(TARGET_NAME)";
				SWIFT_EMIT_LOC_STRINGS = YES;
				SWIFT_VERSION = 5.0;
				TARGETED_DEVICE_FAMILY = "1,2";
			};
			name = Release;
		};
		4DAF99F62D700206002FC57B /* Debug */ = {
			isa = XCBuildConfiguration;
			buildSettings = {
				BUNDLE_LOADER = "$(TEST_HOST)";
				CODE_SIGN_STYLE = Automatic;
				CURRENT_PROJECT_VERSION = 1;
				GENERATE_INFOPLIST_FILE = YES;
				IPHONEOS_DEPLOYMENT_TARGET = 18.0;
				MARKETING_VERSION = 1.0;
				PRODUCT_BUNDLE_IDENTIFIER = edu.usc.UserDefaultsDemoTests;
				PRODUCT_NAME = "$(TARGET_NAME)";
				SWIFT_EMIT_LOC_STRINGS = NO;
				SWIFT_VERSION = 5.0;
				TARGETED_DEVICE_FAMILY = "1,2";
				TEST_HOST = "$(BUILT_PRODUCTS_DIR)/UserDefaultsDemo.app/$(BUNDLE_EXECUTABLE_FOLDER_PATH)/UserDefaultsDemo";
			};
			name = Debug;
		};
		4DAF99F72D700206002FC57B /* Release */ = {
			isa = XCBuildConfiguration;
			buildSettings = {
				BUNDLE_LOADER = "$(TEST_HOST)";
				CODE_SIGN_STYLE = Automatic;
				CURRENT_PROJECT_VERSION = 1;
				GENERATE_INFOPLIST_FILE = YES;
				IPHONEOS_DEPLOYMENT_TARGET = 18.0;
				MARKETING_VERSION = 1.0;
				PRODUCT_BUNDLE_IDENTIFIER = edu.usc.UserDefaultsDemoTests;
				PRODUCT_NAME = "$(TARGET_NAME)";
				SWIFT_EMIT_LOC_STRINGS = NO;
				SWIFT_VERSION = 5.0;
				TARGETED_DEVICE_FAMILY = "1,2";
				TEST_HOST = "$(BUILT_PRODUCTS_DIR)/UserDefaultsDemo.app/$(BUNDLE_EXECUTABLE_FOLDER_PATH)/UserDefaultsDemo";
			};
			name = Release;
		};
		4DAF99F92D700206002FC57B /* Debug */ = {
			isa = XCBuildConfiguration;
			buildSettings = {
				CODE_SIGN_STYLE = Automatic;
				CURRENT_PROJECT_VERSION = 1;
				GENERATE_INFOPLIST_FILE = YES;
				MARKETING_VERSION = 1.0;
				PRODUCT_BUNDLE_IDENTIFIER = edu.usc.UserDefaultsDemoUITests;
				PRODUCT_NAME = "$(TARGET_NAME)";
				SWIFT_EMIT_LOC_STRINGS = NO;
				SWIFT_VERSION = 5.0;
				TARGETED_DEVICE_FAMILY = "1,2";
				TEST_TARGET_NAME = UserDefaultsDemo;
			};
			name = Debug;
		};
		4DAF99FA2D700206002FC57B /* Release */ = {
			isa = XCBuildConfiguration;
			buildSettings = {
				CODE_SIGN_STYLE = Automatic;
				CURRENT_PROJECT_VERSION = 1;
				GENERATE_INFOPLIST_FILE = YES;
				MARKETING_VERSION = 1.0;
				PRODUCT_BUNDLE_IDENTIFIER = edu.usc.UserDefaultsDemoUITests;
				PRODUCT_NAME = "$(TARGET_NAME)";
				SWIFT_EMIT_LOC_STRINGS = NO;
				SWIFT_VERSION = 5.0;
				TARGETED_DEVICE_FAMILY = "1,2";
				TEST_TARGET_NAME = UserDefaultsDemo;
			};
			name = Release;
		};
/* End XCBuildConfiguration section */

/* Begin XCConfigurationList section */
		4DAF99C92D700204002FC57B /* Build configuration list for PBXProject "UserDefaultsDemo" */ = {
			isa = XCConfigurationList;
			buildConfigurations = (
				4DAF99F02D700206002FC57B /* Debug */,
				4DAF99F12D700206002FC57B /* Release */,
			);
			defaultConfigurationIsVisible = 0;
			defaultConfigurationName = Release;
		};
		4DAF99F22D700206002FC57B /* Build configuration list for PBXNativeTarget "UserDefaultsDemo" */ = {
			isa = XCConfigurationList;
			buildConfigurations = (
				4DAF99F32D700206002FC57B /* Debug */,
				4DAF99F42D700206002FC57B /* Release */,
			);
			defaultConfigurationIsVisible = 0;
			defaultConfigurationName = Release;
		};
		4DAF99F52D700206002FC57B /* Build configuration list for PBXNativeTarget "UserDefaultsDemoTests" */ = {
			isa = XCConfigurationList;
			buildConfigurations = (
				4DAF99F62D700206002FC57B /* Debug */,
				4DAF99F72D700206002FC57B /* Release */,
			);
			defaultConfigurationIsVisible = 0;
			defaultConfigurationName = Release;
		};
		4DAF99F82D700206002FC57B /* Build configuration list for PBXNativeTarget "UserDefaultsDemoUITests" */ = {
			isa = XCConfigurationList;
			buildConfigurations = (
				4DAF99F92D700206002FC57B /* Debug */,
				4DAF99FA2D700206002FC57B /* Release */,
			);
			defaultConfigurationIsVisible = 0;
			defaultConfigurationName = Release;
		};
/* End XCConfigurationList section */
	};
	rootObject = 4DAF99C62D700204002FC57B /* Project object */;
}
